
Microsoft Visual Studio Solution File, Format Version 12.00
# Visual Studio Version 16
VisualStudioVersion = 16.0.33328.57
MinimumVisualStudioVersion = 10.0.40219.1
Project("{9A19103F-16F7-4668-BE54-9A1E7A4F7556}") = "jshepler.ngu.mods", "jshepler.ngu.mods.csproj", "{F164E5A6-486A-4C8B-8CCB-8E5ADAAF46D5}"
EndProject
Global
	GlobalSection(SolutionConfigurationPlatforms) = preSolution
		Debug|Any CPU = Debug|Any CPU
		Release|Any CPU = Release|Any CPU
	EndGlobalSection
	GlobalSection(ProjectConfigurationPlatforms) = postSolution
		{F164E5A6-486A-4C8B-8CCB-8E5ADAAF46D5}.Debug|Any CPU.ActiveCfg = Debug|Any CPU
		{F164E5A6-486A-4C8B-8CCB-8E5ADAAF46D5}.Debug|Any CPU.Build.0 = Debug|Any CPU
		{F164E5A6-486A-4C8B-8CCB-8E5ADAAF46D5}.Release|Any CPU.ActiveCfg = Release|Any CPU
		{F164E5A6-486A-4C8B-8CCB-8E5ADAAF46D5}.Release|Any CPU.Build.0 = Release|Any CPU
	EndGlobalSection
	GlobalSection(SolutionProperties) = preSolution
		HideSolutionNode = FALSE
	EndGlobalSection
	GlobalSection(ExtensibilityGlobals) = postSolution
		SolutionGuid = {9A39B38F-F08D-4995-A246-BF7A23646BF5}
	EndGlobalSection
EndGlobal
